// !$*UTF8*$!
{
	archiveVersion = 1;
	classes = {
	};
	objectVersion = 46;
	objects = {

/* Begin PBXBuildFile section */
		2F5F2F2D1462128500821C84 /* UIKit.framework in Frameworks */ = {isa = PBXBuildFile; fileRef = 2F5F2F2C1462128500821C84 /* UIKit.framework */; };
		2F5F2F2F1462128500821C84 /* Foundation.framework in Frameworks */ = {isa = PBXBuildFile; fileRef = 2F5F2F2E1462128500821C84 /* Foundation.framework */; };
		2F5F2F311462128500821C84 /* CoreGraphics.framework in Frameworks */ = {isa = PBXBuildFile; fileRef = 2F5F2F301462128500821C84 /* CoreGraphics.framework */; };
		2F5F2F371462128500821C84 /* InfoPlist.strings in Resources */ = {isa = PBXBuildFile; fileRef = 2F5F2F351462128500821C84 /* InfoPlist.strings */; };
		2F5F2F391462128500821C84 /* main.m in Sources */ = {isa = PBXBuildFile; fileRef = 2F5F2F381462128500821C84 /* main.m */; };
		2F5F2F401462128500821C84 /* MainStoryboard.storyboard in Resources */ = {isa = PBXBuildFile; fileRef = 2F5F2F3E1462128500821C84 /* MainStoryboard.storyboard */; };
		2F5F2F621462161800821C84 /* AppDelegate.m in Sources */ = {isa = PBXBuildFile; fileRef = 2F5F2F5D1462161800821C84 /* AppDelegate.m */; };
		2F5F2F631462161800821C84 /* FirstViewController.m in Sources */ = {isa = PBXBuildFile; fileRef = 2F5F2F5F1462161800821C84 /* FirstViewController.m */; };
		2F5F2F691462167A00821C84 /* AboutViewController.m in Sources */ = {isa = PBXBuildFile; fileRef = 2F5F2F681462167A00821C84 /* AboutViewController.m */; };
/* End PBXBuildFile section */

/* Begin PBXFileReference section */
		2F5F2F281462128500821C84 /* Code:RED.app */ = {isa = PBXFileReference; explicitFileType = wrapper.application; includeInIndex = 0; path = "Code:RED.app"; sourceTree = BUILT_PRODUCTS_DIR; };
		2F5F2F2C1462128500821C84 /* UIKit.framework */ = {isa = PBXFileReference; lastKnownFileType = wrapper.framework; name = UIKit.framework; path = System/Library/Frameworks/UIKit.framework; sourceTree = SDKROOT; };
		2F5F2F2E1462128500821C84 /* Foundation.framework */ = {isa = PBXFileReference; lastKnownFileType = wrapper.framework; name = Foundation.framework; path = System/Library/Frameworks/Foundation.framework; sourceTree = SDKROOT; };
		2F5F2F301462128500821C84 /* CoreGraphics.framework */ = {isa = PBXFileReference; lastKnownFileType = wrapper.framework; name = CoreGraphics.framework; path = System/Library/Frameworks/CoreGraphics.framework; sourceTree = SDKROOT; };
		2F5F2F341462128500821C84 /* CodeRED-Info.plist */ = {isa = PBXFileReference; lastKnownFileType = text.plist.xml; path = "CodeRED-Info.plist"; sourceTree = "<group>"; };
		2F5F2F361462128500821C84 /* en */ = {isa = PBXFileReference; lastKnownFileType = text.plist.strings; name = en; path = en.lproj/InfoPlist.strings; sourceTree = "<group>"; };
		2F5F2F381462128500821C84 /* main.m */ = {isa = PBXFileReference; lastKnownFileType = sourcecode.c.objc; path = main.m; sourceTree = "<group>"; };
		2F5F2F3A1462128500821C84 /* CodeRED-Prefix.pch */ = {isa = PBXFileReference; lastKnownFileType = sourcecode.c.h; path = "CodeRED-Prefix.pch"; sourceTree = "<group>"; };
		2F5F2F3F1462128500821C84 /* en */ = {isa = PBXFileReference; lastKnownFileType = file.storyboard; name = en; path = en.lproj/MainStoryboard.storyboard; sourceTree = "<group>"; };
		2F5F2F5C1462161800821C84 /* AppDelegate.h */ = {isa = PBXFileReference; fileEncoding = 4; lastKnownFileType = sourcecode.c.h; path = AppDelegate.h; sourceTree = "<group>"; };
		2F5F2F5D1462161800821C84 /* AppDelegate.m */ = {isa = PBXFileReference; fileEncoding = 4; lastKnownFileType = sourcecode.c.objc; path = AppDelegate.m; sourceTree = "<group>"; };
		2F5F2F5E1462161800821C84 /* FirstViewController.h */ = {isa = PBXFileReference; fileEncoding = 4; lastKnownFileType = sourcecode.c.h; path = FirstViewController.h; sourceTree = "<group>"; };
		2F5F2F5F1462161800821C84 /* FirstViewController.m */ = {isa = PBXFileReference; fileEncoding = 4; lastKnownFileType = sourcecode.c.objc; path = FirstViewController.m; sourceTree = "<group>"; };
		2F5F2F671462167A00821C84 /* AboutViewController.h */ = {isa = PBXFileReference; fileEncoding = 4; lastKnownFileType = sourcecode.c.h; path = AboutViewController.h; sourceTree = "<group>"; };
		2F5F2F681462167A00821C84 /* AboutViewController.m */ = {isa = PBXFileReference; fileEncoding = 4; lastKnownFileType = sourcecode.c.objc; path = AboutViewController.m; sourceTree = "<group>"; };
/* End PBXFileReference section */

/* Begin PBXFrameworksBuildPhase section */
		2F5F2F251462128500821C84 /* Frameworks */ = {
			isa = PBXFrameworksBuildPhase;
			buildActionMask = 2147483647;
			files = (
				2F5F2F2D1462128500821C84 /* UIKit.framework in Frameworks */,
				2F5F2F2F1462128500821C84 /* Foundation.framework in Frameworks */,
				2F5F2F311462128500821C84 /* CoreGraphics.framework in Frameworks */,
			);
			runOnlyForDeploymentPostprocessing = 0;
		};
/* End PBXFrameworksBuildPhase section */

/* Begin PBXGroup section */
		2F5F2F1D1462128500821C84 = {
			isa = PBXGroup;
			children = (
				2F5F2F321462128500821C84 /* CodeRED */,
				2F5F2F2B1462128500821C84 /* Frameworks */,
				2F5F2F291462128500821C84 /* Products */,
			);
			sourceTree = "<group>";
		};
		2F5F2F291462128500821C84 /* Products */ = {
			isa = PBXGroup;
			children = (
				2F5F2F281462128500821C84 /* Code:RED.app */,
			);
			name = Products;
			sourceTree = "<group>";
		};
		2F5F2F2B1462128500821C84 /* Frameworks */ = {
			isa = PBXGroup;
			children = (
				2F5F2F2C1462128500821C84 /* UIKit.framework */,
				2F5F2F2E1462128500821C84 /* Foundation.framework */,
				2F5F2F301462128500821C84 /* CoreGraphics.framework */,
			);
			name = Frameworks;
			sourceTree = "<group>";
		};
		2F5F2F321462128500821C84 /* CodeRED */ = {
			isa = PBXGroup;
			children = (
				2F5F2F5B1462161800821C84 /* Classes */,
				2F5F2F3E1462128500821C84 /* MainStoryboard.storyboard */,
				2F5F2F331462128500821C84 /* Supporting Files */,
			);
			path = CodeRED;
			sourceTree = "<group>";
		};
		2F5F2F331462128500821C84 /* Supporting Files */ = {
			isa = PBXGroup;
			children = (
				2F5F2F341462128500821C84 /* CodeRED-Info.plist */,
				2F5F2F351462128500821C84 /* InfoPlist.strings */,
				2F5F2F381462128500821C84 /* main.m */,
				2F5F2F3A1462128500821C84 /* CodeRED-Prefix.pch */,
			);
			name = "Supporting Files";
			sourceTree = "<group>";
		};
		2F5F2F5B1462161800821C84 /* Classes */ = {
			isa = PBXGroup;
			children = (
				2F5F2F5C1462161800821C84 /* AppDelegate.h */,
				2F5F2F5D1462161800821C84 /* AppDelegate.m */,
				2F5F2F5E1462161800821C84 /* FirstViewController.h */,
				2F5F2F5F1462161800821C84 /* FirstViewController.m */,
				2F5F2F661462167A00821C84 /* About View */,
			);
			path = Classes;
			sourceTree = "<group>";
		};
		2F5F2F661462167A00821C84 /* About View */ = {
			isa = PBXGroup;
			children = (
				2F5F2F671462167A00821C84 /* AboutViewController.h */,
				2F5F2F681462167A00821C84 /* AboutViewController.m */,
			);
			path = "About View";
			sourceTree = "<group>";
		};
/* End PBXGroup section */

/* Begin PBXNativeTarget section */
		2F5F2F271462128500821C84 /* CodeRED */ = {
			isa = PBXNativeTarget;
			buildConfigurationList = 2F5F2F511462128500821C84 /* Build configuration list for PBXNativeTarget "CodeRED" */;
			buildPhases = (
				2F5F2F241462128500821C84 /* Sources */,
				2F5F2F251462128500821C84 /* Frameworks */,
				2F5F2F261462128500821C84 /* Resources */,
			);
			buildRules = (
			);
			dependencies = (
			);
			name = CodeRED;
			productName = CodeRED;
			productReference = 2F5F2F281462128500821C84 /* Code:RED.app */;
			productType = "com.apple.product-type.application";
		};
/* End PBXNativeTarget section */

/* Begin PBXProject section */
		2F5F2F1F1462128500821C84 /* Project object */ = {
			isa = PBXProject;
			attributes = {
				LastUpgradeCheck = 0420;
				ORGANIZATIONNAME = "Lab 42 Development";
			};
			buildConfigurationList = 2F5F2F221462128500821C84 /* Build configuration list for PBXProject "CodeRED" */;
			compatibilityVersion = "Xcode 3.2";
			developmentRegion = English;
			hasScannedForEncodings = 0;
			knownRegions = (
				en,
			);
			mainGroup = 2F5F2F1D1462128500821C84;
			productRefGroup = 2F5F2F291462128500821C84 /* Products */;
			projectDirPath = "";
			projectRoot = "";
			targets = (
				2F5F2F271462128500821C84 /* CodeRED */,
			);
		};
/* End PBXProject section */

/* Begin PBXResourcesBuildPhase section */
		2F5F2F261462128500821C84 /* Resources */ = {
			isa = PBXResourcesBuildPhase;
			buildActionMask = 2147483647;
			files = (
				2F5F2F371462128500821C84 /* InfoPlist.strings in Resources */,
				2F5F2F401462128500821C84 /* MainStoryboard.storyboard in Resources */,
			);
			runOnlyForDeploymentPostprocessing = 0;
		};
/* End PBXResourcesBuildPhase section */

/* Begin PBXSourcesBuildPhase section */
		2F5F2F241462128500821C84 /* Sources */ = {
			isa = PBXSourcesBuildPhase;
			buildActionMask = 2147483647;
			files = (
				2F5F2F391462128500821C84 /* main.m in Sources */,
				2F5F2F621462161800821C84 /* AppDelegate.m in Sources */,
				2F5F2F631462161800821C84 /* FirstViewController.m in Sources */,
				2F5F2F691462167A00821C84 /* AboutViewController.m in Sources */,
			);
			runOnlyForDeploymentPostprocessing = 0;
		};
/* End PBXSourcesBuildPhase section */

/* Begin PBXVariantGroup section */
		2F5F2F351462128500821C84 /* InfoPlist.strings */ = {
			isa = PBXVariantGroup;
			children = (
				2F5F2F361462128500821C84 /* en */,
			);
			name = InfoPlist.strings;
			sourceTree = "<group>";
		};
		2F5F2F3E1462128500821C84 /* MainStoryboard.storyboard */ = {
			isa = PBXVariantGroup;
			children = (
				2F5F2F3F1462128500821C84 /* en */,
			);
			name = MainStoryboard.storyboard;
			sourceTree = "<group>";
		};
/* End PBXVariantGroup section */

/* Begin XCBuildConfiguration section */
		2F5F2F4F1462128500821C84 /* Debug */ = {
			isa = XCBuildConfiguration;
			buildSettings = {
				ALWAYS_SEARCH_USER_PATHS = NO;
				ARCHS = "$(ARCHS_STANDARD_32_BIT)";
				CLANG_ENABLE_OBJC_ARC = YES;
				"CODE_SIGN_IDENTITY[sdk=iphoneos*]" = "iPhone Developer";
				COPY_PHASE_STRIP = NO;
				GCC_C_LANGUAGE_STANDARD = gnu99;
				GCC_DYNAMIC_NO_PIC = NO;
				GCC_OPTIMIZATION_LEVEL = 0;
				GCC_PREPROCESSOR_DEFINITIONS = (
					"DEBUG=1",
					"$(inherited)",
				);
				GCC_SYMBOLS_PRIVATE_EXTERN = NO;
				GCC_VERSION = com.apple.compilers.llvm.clang.1_0;
				GCC_WARN_ABOUT_MISSING_PROTOTYPES = YES;
				GCC_WARN_ABOUT_RETURN_TYPE = YES;
				GCC_WARN_UNUSED_VARIABLE = YES;
				IPHONEOS_DEPLOYMENT_TARGET = 5.0;
				SDKROOT = iphoneos;
			};
			name = Debug;
		};
		2F5F2F501462128500821C84 /* Release */ = {
			isa = XCBuildConfiguration;
			buildSettings = {
				ALWAYS_SEARCH_USER_PATHS = NO;
				ARCHS = "$(ARCHS_STANDARD_32_BIT)";
				CLANG_ENABLE_OBJC_ARC = YES;
				"CODE_SIGN_IDENTITY[sdk=iphoneos*]" = "iPhone Developer";
				COPY_PHASE_STRIP = YES;
				GCC_C_LANGUAGE_STANDARD = gnu99;
				GCC_VERSION = com.apple.compilers.llvm.clang.1_0;
				GCC_WARN_ABOUT_MISSING_PROTOTYPES = YES;
				GCC_WARN_ABOUT_RETURN_TYPE = YES;
				GCC_WARN_UNUSED_VARIABLE = YES;
				IPHONEOS_DEPLOYMENT_TARGET = 5.0;
				OTHER_CFLAGS = "-DNS_BLOCK_ASSERTIONS=1";
				SDKROOT = iphoneos;
				VALIDATE_PRODUCT = YES;
			};
			name = Release;
		};
		2F5F2F521462128500821C84 /* Debug */ = {
			isa = XCBuildConfiguration;
			buildSettings = {
				GCC_PRECOMPILE_PREFIX_HEADER = YES;
				GCC_PREFIX_HEADER = "CodeRED/CodeRED-Prefix.pch";
				INFOPLIST_FILE = "CodeRED/CodeRED-Info.plist";
				IPHONEOS_DEPLOYMENT_TARGET = 4.0;
				PRODUCT_NAME = "Code:RED";
				WRAPPER_EXTENSION = app;
			};
			name = Debug;
		};
		2F5F2F531462128500821C84 /* Release */ = {
			isa = XCBuildConfiguration;
			buildSettings = {
				GCC_PRECOMPILE_PREFIX_HEADER = YES;
				GCC_PREFIX_HEADER = "CodeRED/CodeRED-Prefix.pch";
				INFOPLIST_FILE = "CodeRED/CodeRED-Info.plist";
				IPHONEOS_DEPLOYMENT_TARGET = 4.0;
				PRODUCT_NAME = "Code:RED";
				WRAPPER_EXTENSION = app;
			};
			name = Release;
		};
/* End XCBuildConfiguration section */

/* Begin XCConfigurationList section */
		2F5F2F221462128500821C84 /* Build configuration list for PBXProject "CodeRED" */ = {
			isa = XCConfigurationList;
			buildConfigurations = (
				2F5F2F4F1462128500821C84 /* Debug */,
				2F5F2F501462128500821C84 /* Release */,
			);
			defaultConfigurationIsVisible = 0;
			defaultConfigurationName = Release;
		};
		2F5F2F511462128500821C84 /* Build configuration list for PBXNativeTarget "CodeRED" */ = {
			isa = XCConfigurationList;
			buildConfigurations = (
				2F5F2F521462128500821C84 /* Debug */,
				2F5F2F531462128500821C84 /* Release */,
			);
			defaultConfigurationIsVisible = 0;
			defaultConfigurationName = Release;
		};
/* End XCConfigurationList section */
	};
	rootObject = 2F5F2F1F1462128500821C84 /* Project object */;
}
